{
    "name": "primeng",
    "version": "17.17.0",
    "lockfileVersion": 3,
    "requires": true,
    "packages": {
        "": {
            "name": "primeng",
            "version": "17.17.0",
            "license": "MIT",
            "dependencies": {
                "node": "^22.2.0"
            },
            "peerDependencies": {
                "@angular/common": "^17.0.0",
                "@angular/core": "^17.0.0",
                "@angular/forms": "^17.0.0",
                "rxjs": "^6.0.0 || ^7.8.1",
                "zone.js": "~0.14.0"
            }
        },
        "node_modules/@angular/common": {
            "version": "17.3.9",
            "resolved": "https://registry.npmjs.org/@angular/common/-/common-17.3.9.tgz",
            "integrity": "sha512-tH1VfbAvNVaz6ZYa+q0DiKtbmUql1jK/3q/af74B8nVjKLHcXVWwxvBayqvrmlUt7FGANGkETIcCWrB44k47Ug==",
            "peer": true,
            "dependencies": {
                "tslib": "^2.3.0"
            },
            "engines": {
                "node": "^18.13.0 || >=20.9.0"
            },
            "peerDependencies": {
                "@angular/core": "17.3.9",
                "rxjs": "^6.5.3 || ^7.4.0"
            }
        },
        "node_modules/@angular/core": {
            "version": "17.3.9",
            "resolved": "https://registry.npmjs.org/@angular/core/-/core-17.3.9.tgz",
            "integrity": "sha512-x+h5BQ6islvYWGVLTz1CEgNq1/5IYngQ+Inq/tWayM6jN7RPOCydCCbCw+uOZS7MgFebkP0gYTVm14y1MRFKSQ==",
            "peer": true,
            "dependencies": {
                "tslib": "^2.3.0"
            },
            "engines": {
                "node": "^18.13.0 || >=20.9.0"
            },
            "peerDependencies": {
                "rxjs": "^6.5.3 || ^7.4.0",
                "zone.js": "~0.14.0"
            }
        },
        "node_modules/@angular/forms": {
            "version": "17.3.9",
            "resolved": "https://registry.npmjs.org/@angular/forms/-/forms-17.3.9.tgz",
            "integrity": "sha512-5b8OjK0kLghrdxkVWglgerHVp9D5WvXInXwo1KIyc2v/fGdTlyu/RFi0GLGvzq2y+7Z8TvtXWC82SB47vfx3TQ==",
            "peer": true,
            "dependencies": {
                "tslib": "^2.3.0"
            },
            "engines": {
                "node": "^18.13.0 || >=20.9.0"
            },
            "peerDependencies": {
                "@angular/common": "17.3.9",
                "@angular/core": "17.3.9",
                "@angular/platform-browser": "17.3.9",
                "rxjs": "^6.5.3 || ^7.4.0"
            }
        },
        "node_modules/@angular/platform-browser": {
            "version": "17.3.9",
            "resolved": "https://registry.npmjs.org/@angular/platform-browser/-/platform-browser-17.3.9.tgz",
            "integrity": "sha512-vMwHO76rnkz7aV3KHKy23KUFAo/+b0+yHPa6AND5Lee8z5C1J/tA2PdetFAsghlQQsX61JeK4MFJV/f3dFm2dw==",
            "peer": true,
            "dependencies": {
                "tslib": "^2.3.0"
            },
            "engines": {
                "node": "^18.13.0 || >=20.9.0"
            },
            "peerDependencies": {
                "@angular/animations": "17.3.9",
                "@angular/common": "17.3.9",
                "@angular/core": "17.3.9"
            },
            "peerDependenciesMeta": {
                "@angular/animations": {
                    "optional": true
                }
            }
        },
        "node_modules/node": {
            "version": "22.2.0",
            "resolved": "https://registry.npmjs.org/node/-/node-22.2.0.tgz",
            "integrity": "sha512-zpydeLeT5f3Q8i4wbsn1BKaYsBYhqJwBoa7gYR5LOaYhrYeHa9RJ5zRh8wPjM3dBxCfFiQSAIvDi/xUfQB3aAw==",
            "hasInstallScript": true,
            "dependencies": {
                "node-bin-setup": "^1.0.0"
            },
            "bin": {
                "node": "bin/node"
            },
            "engines": {
                "npm": ">=5.0.0"
            }
        },
        "node_modules/node-bin-setup": {
            "version": "1.1.3",
            "resolved": "https://registry.npmjs.org/node-bin-setup/-/node-bin-setup-1.1.3.tgz",
            "integrity": "sha512-opgw9iSCAzT2+6wJOETCpeRYAQxSopqQ2z+N6BXwIMsQQ7Zj5M8MaafQY8JMlolRR6R1UXg2WmhKp0p9lSOivg=="
        },
        "node_modules/rxjs": {
            "version": "7.8.1",
            "resolved": "https://registry.npmjs.org/rxjs/-/rxjs-7.8.1.tgz",
            "integrity": "sha512-AA3TVj+0A2iuIoQkWEK/tqFjBq2j+6PO6Y0zJcvzLAFhEFIO3HL0vls9hWLncZbAAbK0mar7oZ4V079I/qPMxg==",
            "peer": true,
            "dependencies": {
                "tslib": "^2.1.0"
            }
        },
        "node_modules/tslib": {
            "version": "2.6.2",
            "resolved": "https://registry.npmjs.org/tslib/-/tslib-2.6.2.tgz",
            "integrity": "sha512-AEYxH93jGFPn/a2iVAwW87VuUIkR1FVUKB77NwMF7nBTDkDrrT/Hpt/IrCJ0QXhW27jTBDcf5ZY7w6RiqTMw2Q==",
            "peer": true
        },
        "node_modules/zone.js": {
            "version": "0.14.6",
            "resolved": "https://registry.npmjs.org/zone.js/-/zone.js-0.14.6.tgz",
            "integrity": "sha512-vyRNFqofdaHVdWAy7v3Bzmn84a1JHWSjpuTZROT/uYn8I3p2cmo7Ro9twFmYRQDPhiYOV7QLk0hhY4JJQVqS6Q==",
            "peer": true
        }
    }
}
