{
    "name": "builder",
    "version": "1.0.0",
    "lockfileVersion": 3,
    "requires": true,
    "packages": {
        "": {
            "name": "builder",
            "version": "1.0.0",
            "license": "ISC",
            "devDependencies": {
                "@angular-devkit/architect": "^0.1703.7",
                "@angular-devkit/core": "^17.3.7",
                "typescript": "^5.4.5"
            }
        },
        "node_modules/@angular-devkit/architect": {
            "version": "0.1703.8",
            "resolved": "https://registry.npmjs.org/@angular-devkit/architect/-/architect-0.1703.8.tgz",
            "integrity": "sha512-lKxwG4/QABXZvJpqeSIn/kAwnY6MM9HdHZUV+o5o3UiTi+vO8rZApG4CCaITH3Bxebm7Nam7Xbk8RuukC5rq6g==",
            "dev": true,
            "dependencies": {
                "@angular-devkit/core": "17.3.8",
                "rxjs": "7.8.1"
            },
            "engines": {
                "node": "^18.13.0 || >=20.9.0",
                "npm": "^6.11.0 || ^7.5.6 || >=8.0.0",
                "yarn": ">= 1.13.0"
            }
        },
        "node_modules/@angular-devkit/core": {
            "version": "17.3.8",
            "resolved": "https://registry.npmjs.org/@angular-devkit/core/-/core-17.3.8.tgz",
            "integrity": "sha512-Q8q0voCGudbdCgJ7lXdnyaxKHbNQBARH68zPQV72WT8NWy+Gw/tys870i6L58NWbBaCJEUcIj/kb6KoakSRu+Q==",
            "dev": true,
            "dependencies": {
                "ajv": "8.12.0",
                "ajv-formats": "2.1.1",
                "jsonc-parser": "3.2.1",
                "picomatch": "4.0.1",
                "rxjs": "7.8.1",
                "source-map": "0.7.4"
            },
            "engines": {
                "node": "^18.13.0 || >=20.9.0",
                "npm": "^6.11.0 || ^7.5.6 || >=8.0.0",
                "yarn": ">= 1.13.0"
            },
            "peerDependencies": {
                "chokidar": "^3.5.2"
            },
            "peerDependenciesMeta": {
                "chokidar": {
                    "optional": true
                }
            }
        },
        "node_modules/ajv": {
            "version": "8.12.0",
            "resolved": "https://registry.npmjs.org/ajv/-/ajv-8.12.0.tgz",
            "integrity": "sha512-sRu1kpcO9yLtYxBKvqfTeh9KzZEwO3STyX1HT+4CaDzC6HpTGYhIhPIzj9XuKU7KYDwnaeh5hcOwjy1QuJzBPA==",
            "dev": true,
            "dependencies": {
                "fast-deep-equal": "^3.1.1",
                "json-schema-traverse": "^1.0.0",
                "require-from-string": "^2.0.2",
                "uri-js": "^4.2.2"
            },
            "funding": {
                "type": "github",
                "url": "https://github.com/sponsors/epoberezkin"
            }
        },
        "node_modules/ajv-formats": {
            "version": "2.1.1",
            "resolved": "https://registry.npmjs.org/ajv-formats/-/ajv-formats-2.1.1.tgz",
            "integrity": "sha512-Wx0Kx52hxE7C18hkMEggYlEifqWZtYaRgouJor+WMdPnQyEK13vgEWyVNup7SoeeoLMsr4kf5h6dOW11I15MUA==",
            "dev": true,
            "dependencies": {
                "ajv": "^8.0.0"
            },
            "peerDependencies": {
                "ajv": "^8.0.0"
            },
            "peerDependenciesMeta": {
                "ajv": {
                    "optional": true
                }
            }
        },
        "node_modules/fast-deep-equal": {
            "version": "3.1.3",
            "resolved": "https://registry.npmjs.org/fast-deep-equal/-/fast-deep-equal-3.1.3.tgz",
            "integrity": "sha512-f3qQ9oQy9j2AhBe/H9VC91wLmKBCCU/gDOnKNAYG5hswO7BLKj09Hc5HYNz9cGI++xlpDCIgDaitVs03ATR84Q==",
            "dev": true
        },
        "node_modules/json-schema-traverse": {
            "version": "1.0.0",
            "resolved": "https://registry.npmjs.org/json-schema-traverse/-/json-schema-traverse-1.0.0.tgz",
            "integrity": "sha512-NM8/P9n3XjXhIZn1lLhkFaACTOURQXjWhV4BA/RnOv8xvgqtqpAX9IO4mRQxSx1Rlo4tqzeqb0sOlruaOy3dug==",
            "dev": true
        },
        "node_modules/jsonc-parser": {
            "version": "3.2.1",
            "resolved": "https://registry.npmjs.org/jsonc-parser/-/jsonc-parser-3.2.1.tgz",
            "integrity": "sha512-AilxAyFOAcK5wA1+LeaySVBrHsGQvUFCDWXKpZjzaL0PqW+xfBOttn8GNtWKFWqneyMZj41MWF9Kl6iPWLwgOA==",
            "dev": true
        },
        "node_modules/picomatch": {
            "version": "4.0.1",
            "resolved": "https://registry.npmjs.org/picomatch/-/picomatch-4.0.1.tgz",
            "integrity": "sha512-xUXwsxNjwTQ8K3GnT4pCJm+xq3RUPQbmkYJTP5aFIfNIvbcc/4MUxgBaaRSZJ6yGJZiGSyYlM6MzwTsRk8SYCg==",
            "dev": true,
            "engines": {
                "node": ">=12"
            },
            "funding": {
                "url": "https://github.com/sponsors/jonschlinkert"
            }
        },
        "node_modules/punycode": {
            "version": "2.3.1",
            "resolved": "https://registry.npmjs.org/punycode/-/punycode-2.3.1.tgz",
            "integrity": "sha512-vYt7UD1U9Wg6138shLtLOvdAu+8DsC/ilFtEVHcH+wydcSpNE20AfSOduf6MkRFahL5FY7X1oU7nKVZFtfq8Fg==",
            "dev": true,
            "engines": {
                "node": ">=6"
            }
        },
        "node_modules/require-from-string": {
            "version": "2.0.2",
            "resolved": "https://registry.npmjs.org/require-from-string/-/require-from-string-2.0.2.tgz",
            "integrity": "sha512-Xf0nWe6RseziFMu+Ap9biiUbmplq6S9/p+7w7YXP/JBHhrUDDUhwa+vANyubuqfZWTveU//DYVGsDG7RKL/vEw==",
            "dev": true,
            "engines": {
                "node": ">=0.10.0"
            }
        },
        "node_modules/rxjs": {
            "version": "7.8.1",
            "resolved": "https://registry.npmjs.org/rxjs/-/rxjs-7.8.1.tgz",
            "integrity": "sha512-AA3TVj+0A2iuIoQkWEK/tqFjBq2j+6PO6Y0zJcvzLAFhEFIO3HL0vls9hWLncZbAAbK0mar7oZ4V079I/qPMxg==",
            "dev": true,
            "dependencies": {
                "tslib": "^2.1.0"
            }
        },
        "node_modules/source-map": {
            "version": "0.7.4",
            "resolved": "https://registry.npmjs.org/source-map/-/source-map-0.7.4.tgz",
            "integrity": "sha512-l3BikUxvPOcn5E74dZiq5BGsTb5yEwhaTSzccU6t4sDOH8NWJCstKO5QT2CvtFoK6F0saL7p9xHAqHOlCPJygA==",
            "dev": true,
            "engines": {
                "node": ">= 8"
            }
        },
        "node_modules/tslib": {
            "version": "2.6.2",
            "resolved": "https://registry.npmjs.org/tslib/-/tslib-2.6.2.tgz",
            "integrity": "sha512-AEYxH93jGFPn/a2iVAwW87VuUIkR1FVUKB77NwMF7nBTDkDrrT/Hpt/IrCJ0QXhW27jTBDcf5ZY7w6RiqTMw2Q==",
            "dev": true
        },
        "node_modules/typescript": {
            "version": "5.4.5",
            "resolved": "https://registry.npmjs.org/typescript/-/typescript-5.4.5.tgz",
            "integrity": "sha512-vcI4UpRgg81oIRUFwR0WSIHKt11nJ7SAVlYNIu+QpqeyXP+gpQJy/Z4+F0aGxSE4MqwjyXvW/TzgkLAx2AGHwQ==",
            "dev": true,
            "bin": {
                "tsc": "bin/tsc",
                "tsserver": "bin/tsserver"
            },
            "engines": {
                "node": ">=14.17"
            }
        },
        "node_modules/uri-js": {
            "version": "4.4.1",
            "resolved": "https://registry.npmjs.org/uri-js/-/uri-js-4.4.1.tgz",
            "integrity": "sha512-7rKUyy33Q1yc98pQ1DAmLtwX109F7TIfWlW1Ydo8Wl1ii1SeHieeh0HHfPeL2fMXK6z0s8ecKs9frCuLJvndBg==",
            "dev": true,
            "dependencies": {
                "punycode": "^2.1.0"
            }
        }
    }
}
